// !$*UTF8*$!
{
	archiveVersion = 1;
	classes = {
	};
	objectVersion = 56;
	objects = {

/* Begin PBXBuildFile section */
		41CEF31029A261590040E161 /* AppDelegate.swift in Sources */ = {isa = PBXBuildFile; fileRef = 41CEF30F29A261590040E161 /* AppDelegate.swift */; };
		41CEF31229A261590040E161 /* SceneDelegate.swift in Sources */ = {isa = PBXBuildFile; fileRef = 41CEF31129A261590040E161 /* SceneDelegate.swift */; };
		41CEF31429A261590040E161 /* ViewController.swift in Sources */ = {isa = PBXBuildFile; fileRef = 41CEF31329A261590040E161 /* ViewController.swift */; };
		41CEF31929A2615A0040E161 /* Assets.xcassets in Resources */ = {isa = PBXBuildFile; fileRef = 41CEF31829A2615A0040E161 /* Assets.xcassets */; };
		41CEF31C29A2615A0040E161 /* LaunchScreen.storyboard in Resources */ = {isa = PBXBuildFile; fileRef = 41CEF31A29A2615A0040E161 /* LaunchScreen.storyboard */; };
		41CEF32529A262D50040E161 /* User.swift in Sources */ = {isa = PBXBuildFile; fileRef = 41CEF32429A262D50040E161 /* User.swift */; };
		41CEF32929A29CAD0040E161 /* CustomTableViewCell.swift in Sources */ = {isa = PBXBuildFile; fileRef = 41CEF32729A29CAD0040E161 /* CustomTableViewCell.swift */; };
		897EBCFBADE90C46A65E8089 /* Pods_StoryBoard_para_MVVM_e_VIEWCODE.framework in Frameworks */ = {isa = PBXBuildFile; fileRef = E89EFECC807C1D3345D1D59B /* Pods_StoryBoard_para_MVVM_e_VIEWCODE.framework */; };
		91541CE72B79499B0042489B /* ViewModel.swift in Sources */ = {isa = PBXBuildFile; fileRef = 91541CE62B79499B0042489B /* ViewModel.swift */; };
		91541CEB2B794E280042489B /* CustomCellViewModel.swift in Sources */ = {isa = PBXBuildFile; fileRef = 91541CEA2B794E280042489B /* CustomCellViewModel.swift */; };
		91D6CA262B7BD4C000D09F78 /* HomeScreenView.swift in Sources */ = {isa = PBXBuildFile; fileRef = 91D6CA252B7BD4C000D09F78 /* HomeScreenView.swift */; };
		91D6CA292B7BE3D100D09F78 /* CustomTableViewCellScreen.swift in Sources */ = {isa = PBXBuildFile; fileRef = 91D6CA282B7BE3D100D09F78 /* CustomTableViewCellScreen.swift */; };
		91D6CA2C2B7BF8F100D09F78 /* Service.swift in Sources */ = {isa = PBXBuildFile; fileRef = 91D6CA2B2B7BF8F100D09F78 /* Service.swift */; };
		91D6CA2E2B7BFDE600D09F78 /* user.json in Resources */ = {isa = PBXBuildFile; fileRef = 91D6CA2D2B7BFDE600D09F78 /* user.json */; };
/* End PBXBuildFile section */

/* Begin PBXFileReference section */
		26980FB58E8DB3DA6C9CE8B6 /* Pods-StoryBoard para MVVM e VIEWCODE.debug.xcconfig */ = {isa = PBXFileReference; includeInIndex = 1; lastKnownFileType = text.xcconfig; name = "Pods-StoryBoard para MVVM e VIEWCODE.debug.xcconfig"; path = "Target Support Files/Pods-StoryBoard para MVVM e VIEWCODE/Pods-StoryBoard para MVVM e VIEWCODE.debug.xcconfig"; sourceTree = "<group>"; };
		41CEF30C29A261590040E161 /* StoryBoard para MVVM e VIEWCODE.app */ = {isa = PBXFileReference; explicitFileType = wrapper.application; includeInIndex = 0; path = "StoryBoard para MVVM e VIEWCODE.app"; sourceTree = BUILT_PRODUCTS_DIR; };
		41CEF30F29A261590040E161 /* AppDelegate.swift */ = {isa = PBXFileReference; lastKnownFileType = sourcecode.swift; path = AppDelegate.swift; sourceTree = "<group>"; };
		41CEF31129A261590040E161 /* SceneDelegate.swift */ = {isa = PBXFileReference; lastKnownFileType = sourcecode.swift; path = SceneDelegate.swift; sourceTree = "<group>"; };
		41CEF31329A261590040E161 /* ViewController.swift */ = {isa = PBXFileReference; lastKnownFileType = sourcecode.swift; path = ViewController.swift; sourceTree = "<group>"; };
		41CEF31829A2615A0040E161 /* Assets.xcassets */ = {isa = PBXFileReference; lastKnownFileType = folder.assetcatalog; path = Assets.xcassets; sourceTree = "<group>"; };
		41CEF31B29A2615A0040E161 /* Base */ = {isa = PBXFileReference; lastKnownFileType = file.storyboard; name = Base; path = Base.lproj/LaunchScreen.storyboard; sourceTree = "<group>"; };
		41CEF31D29A2615A0040E161 /* Info.plist */ = {isa = PBXFileReference; lastKnownFileType = text.plist.xml; path = Info.plist; sourceTree = "<group>"; };
		41CEF32429A262D50040E161 /* User.swift */ = {isa = PBXFileReference; lastKnownFileType = sourcecode.swift; path = User.swift; sourceTree = "<group>"; };
		41CEF32729A29CAD0040E161 /* CustomTableViewCell.swift */ = {isa = PBXFileReference; lastKnownFileType = sourcecode.swift; path = CustomTableViewCell.swift; sourceTree = "<group>"; };
		91541CE62B79499B0042489B /* ViewModel.swift */ = {isa = PBXFileReference; lastKnownFileType = sourcecode.swift; path = ViewModel.swift; sourceTree = "<group>"; };
		91541CEA2B794E280042489B /* CustomCellViewModel.swift */ = {isa = PBXFileReference; lastKnownFileType = sourcecode.swift; path = CustomCellViewModel.swift; sourceTree = "<group>"; };
		91D6CA252B7BD4C000D09F78 /* HomeScreenView.swift */ = {isa = PBXFileReference; lastKnownFileType = sourcecode.swift; path = HomeScreenView.swift; sourceTree = "<group>"; };
		91D6CA282B7BE3D100D09F78 /* CustomTableViewCellScreen.swift */ = {isa = PBXFileReference; lastKnownFileType = sourcecode.swift; path = CustomTableViewCellScreen.swift; sourceTree = "<group>"; };
		91D6CA2B2B7BF8F100D09F78 /* Service.swift */ = {isa = PBXFileReference; lastKnownFileType = sourcecode.swift; path = Service.swift; sourceTree = "<group>"; };
		91D6CA2D2B7BFDE600D09F78 /* user.json */ = {isa = PBXFileReference; lastKnownFileType = text.json; path = user.json; sourceTree = "<group>"; };
		AE52DA16C020013DE75EA195 /* Pods-StoryBoard para MVVM e VIEWCODE.release.xcconfig */ = {isa = PBXFileReference; includeInIndex = 1; lastKnownFileType = text.xcconfig; name = "Pods-StoryBoard para MVVM e VIEWCODE.release.xcconfig"; path = "Target Support Files/Pods-StoryBoard para MVVM e VIEWCODE/Pods-StoryBoard para MVVM e VIEWCODE.release.xcconfig"; sourceTree = "<group>"; };
		E89EFECC807C1D3345D1D59B /* Pods_StoryBoard_para_MVVM_e_VIEWCODE.framework */ = {isa = PBXFileReference; explicitFileType = wrapper.framework; includeInIndex = 0; path = Pods_StoryBoard_para_MVVM_e_VIEWCODE.framework; sourceTree = BUILT_PRODUCTS_DIR; };
/* End PBXFileReference section */

/* Begin PBXFrameworksBuildPhase section */
		41CEF30929A261590040E161 /* Frameworks */ = {
			isa = PBXFrameworksBuildPhase;
			buildActionMask = 2147483647;
			files = (
				897EBCFBADE90C46A65E8089 /* Pods_StoryBoard_para_MVVM_e_VIEWCODE.framework in Frameworks */,
			);
			runOnlyForDeploymentPostprocessing = 0;
		};
/* End PBXFrameworksBuildPhase section */

/* Begin PBXGroup section */
		41CEF30329A261590040E161 = {
			isa = PBXGroup;
			children = (
				41CEF30E29A261590040E161 /* StoryBoard para MVVM e VIEWCODE */,
				41CEF30D29A261590040E161 /* Products */,
				4AE1FA55A7814349A69FE2A8 /* Pods */,
				F8F9B63C0D37164F9D251821 /* Frameworks */,
			);
			sourceTree = "<group>";
		};
		41CEF30D29A261590040E161 /* Products */ = {
			isa = PBXGroup;
			children = (
				41CEF30C29A261590040E161 /* StoryBoard para MVVM e VIEWCODE.app */,
			);
			name = Products;
			sourceTree = "<group>";
		};
		41CEF30E29A261590040E161 /* StoryBoard para MVVM e VIEWCODE */ = {
			isa = PBXGroup;
			children = (
				91D6CA2A2B7BF8B500D09F78 /* Service */,
				91541CE82B794DDB0042489B /* Cell */,
				91541CE52B7949580042489B /* View */,
				91541CE42B7949460042489B /* ViewModel */,
				91541CE32B79490B0042489B /* Model */,
				41CEF30F29A261590040E161 /* AppDelegate.swift */,
				41CEF31129A261590040E161 /* SceneDelegate.swift */,
				41CEF31829A2615A0040E161 /* Assets.xcassets */,
				41CEF31A29A2615A0040E161 /* LaunchScreen.storyboard */,
				41CEF31D29A2615A0040E161 /* Info.plist */,
				91D6CA2D2B7BFDE600D09F78 /* user.json */,
			);
			path = "StoryBoard para MVVM e VIEWCODE";
			sourceTree = "<group>";
		};
		4AE1FA55A7814349A69FE2A8 /* Pods */ = {
			isa = PBXGroup;
			children = (
				26980FB58E8DB3DA6C9CE8B6 /* Pods-StoryBoard para MVVM e VIEWCODE.debug.xcconfig */,
				AE52DA16C020013DE75EA195 /* Pods-StoryBoard para MVVM e VIEWCODE.release.xcconfig */,
			);
			path = Pods;
			sourceTree = "<group>";
		};
		91541CE32B79490B0042489B /* Model */ = {
			isa = PBXGroup;
			children = (
				41CEF32429A262D50040E161 /* User.swift */,
			);
			path = Model;
			sourceTree = "<group>";
		};
		91541CE42B7949460042489B /* ViewModel */ = {
			isa = PBXGroup;
			children = (
				91541CE62B79499B0042489B /* ViewModel.swift */,
			);
			path = ViewModel;
			sourceTree = "<group>";
		};
		91541CE52B7949580042489B /* View */ = {
			isa = PBXGroup;
			children = (
				91D6CA242B7BD41E00D09F78 /* Screen */,
				41CEF31329A261590040E161 /* ViewController.swift */,
			);
			path = View;
			sourceTree = "<group>";
		};
		91541CE82B794DDB0042489B /* Cell */ = {
			isa = PBXGroup;
			children = (
				91D6CA272B7BE3B500D09F78 /* Screen */,
				91541CE92B794DF80042489B /* ViewModel */,
				41CEF32729A29CAD0040E161 /* CustomTableViewCell.swift */,
			);
			path = Cell;
			sourceTree = "<group>";
		};
		91541CE92B794DF80042489B /* ViewModel */ = {
			isa = PBXGroup;
			children = (
				91541CEA2B794E280042489B /* CustomCellViewModel.swift */,
			);
			path = ViewModel;
			sourceTree = "<group>";
		};
		91D6CA242B7BD41E00D09F78 /* Screen */ = {
			isa = PBXGroup;
			children = (
				91D6CA252B7BD4C000D09F78 /* HomeScreenView.swift */,
			);
			path = Screen;
			sourceTree = "<group>";
		};
		91D6CA272B7BE3B500D09F78 /* Screen */ = {
			isa = PBXGroup;
			children = (
				91D6CA282B7BE3D100D09F78 /* CustomTableViewCellScreen.swift */,
			);
			path = Screen;
			sourceTree = "<group>";
		};
		91D6CA2A2B7BF8B500D09F78 /* Service */ = {
			isa = PBXGroup;
			children = (
				91D6CA2B2B7BF8F100D09F78 /* Service.swift */,
			);
			path = Service;
			sourceTree = "<group>";
		};
		F8F9B63C0D37164F9D251821 /* Frameworks */ = {
			isa = PBXGroup;
			children = (
				E89EFECC807C1D3345D1D59B /* Pods_StoryBoard_para_MVVM_e_VIEWCODE.framework */,
			);
			name = Frameworks;
			sourceTree = "<group>";
		};
/* End PBXGroup section */

/* Begin PBXNativeTarget section */
		41CEF30B29A261590040E161 /* StoryBoard para MVVM e VIEWCODE */ = {
			isa = PBXNativeTarget;
			buildConfigurationList = 41CEF32029A2615A0040E161 /* Build configuration list for PBXNativeTarget "StoryBoard para MVVM e VIEWCODE" */;
			buildPhases = (
				72781330CA8D9AF3FEE113E1 /* [CP] Check Pods Manifest.lock */,
				41CEF30829A261590040E161 /* Sources */,
				41CEF30929A261590040E161 /* Frameworks */,
				41CEF30A29A261590040E161 /* Resources */,
				C26E888279FCC28C6F6E162E /* [CP] Embed Pods Frameworks */,
			);
			buildRules = (
			);
			dependencies = (
			);
			name = "StoryBoard para MVVM e VIEWCODE";
			productName = "StoryBoard para MVVM e VIEWCODE";
			productReference = 41CEF30C29A261590040E161 /* StoryBoard para MVVM e VIEWCODE.app */;
			productType = "com.apple.product-type.application";
		};
/* End PBXNativeTarget section */

/* Begin PBXProject section */
		41CEF30429A261590040E161 /* Project object */ = {
			isa = PBXProject;
			attributes = {
				BuildIndependentTargetsInParallel = 1;
				LastSwiftUpdateCheck = 1420;
				LastUpgradeCheck = 1520;
				TargetAttributes = {
					41CEF30B29A261590040E161 = {
						CreatedOnToolsVersion = 14.2;
					};
				};
			};
			buildConfigurationList = 41CEF30729A261590040E161 /* Build configuration list for PBXProject "StoryBoard para MVVM e VIEWCODE" */;
			compatibilityVersion = "Xcode 14.0";
			developmentRegion = en;
			hasScannedForEncodings = 0;
			knownRegions = (
				en,
				Base,
			);
			mainGroup = 41CEF30329A261590040E161;
			productRefGroup = 41CEF30D29A261590040E161 /* Products */;
			projectDirPath = "";
			projectRoot = "";
			targets = (
				41CEF30B29A261590040E161 /* StoryBoard para MVVM e VIEWCODE */,
			);
		};
/* End PBXProject section */

/* Begin PBXResourcesBuildPhase section */
		41CEF30A29A261590040E161 /* Resources */ = {
			isa = PBXResourcesBuildPhase;
			buildActionMask = 2147483647;
			files = (
				91D6CA2E2B7BFDE600D09F78 /* user.json in Resources */,
				41CEF31C29A2615A0040E161 /* LaunchScreen.storyboard in Resources */,
				41CEF31929A2615A0040E161 /* Assets.xcassets in Resources */,
			);
			runOnlyForDeploymentPostprocessing = 0;
		};
/* End PBXResourcesBuildPhase section */

/* Begin PBXShellScriptBuildPhase section */
		72781330CA8D9AF3FEE113E1 /* [CP] Check Pods Manifest.lock */ = {
			isa = PBXShellScriptBuildPhase;
			buildActionMask = 2147483647;
			files = (
			);
			inputFileListPaths = (
			);
			inputPaths = (
				"${PODS_PODFILE_DIR_PATH}/Podfile.lock",
				"${PODS_ROOT}/Manifest.lock",
			);
			name = "[CP] Check Pods Manifest.lock";
			outputFileListPaths = (
			);
			outputPaths = (
				"$(DERIVED_FILE_DIR)/Pods-StoryBoard para MVVM e VIEWCODE-checkManifestLockResult.txt",
			);
			runOnlyForDeploymentPostprocessing = 0;
			shellPath = /bin/sh;
			shellScript = "diff \"${PODS_PODFILE_DIR_PATH}/Podfile.lock\" \"${PODS_ROOT}/Manifest.lock\" > /dev/null\nif [ $? != 0 ] ; then\n    # print error to STDERR\n    echo \"error: The sandbox is not in sync with the Podfile.lock. Run 'pod install' or update your CocoaPods installation.\" >&2\n    exit 1\nfi\n# This output is used by Xcode 'outputs' to avoid re-running this script phase.\necho \"SUCCESS\" > \"${SCRIPT_OUTPUT_FILE_0}\"\n";
			showEnvVarsInLog = 0;
		};
		C26E888279FCC28C6F6E162E /* [CP] Embed Pods Frameworks */ = {
			isa = PBXShellScriptBuildPhase;
			buildActionMask = 2147483647;
			files = (
			);
			inputFileListPaths = (
				"${PODS_ROOT}/Target Support Files/Pods-StoryBoard para MVVM e VIEWCODE/Pods-StoryBoard para MVVM e VIEWCODE-frameworks-${CONFIGURATION}-input-files.xcfilelist",
			);
			name = "[CP] Embed Pods Frameworks";
			outputFileListPaths = (
				"${PODS_ROOT}/Target Support Files/Pods-StoryBoard para MVVM e VIEWCODE/Pods-StoryBoard para MVVM e VIEWCODE-frameworks-${CONFIGURATION}-output-files.xcfilelist",
			);
			runOnlyForDeploymentPostprocessing = 0;
			shellPath = /bin/sh;
			shellScript = "\"${PODS_ROOT}/Target Support Files/Pods-StoryBoard para MVVM e VIEWCODE/Pods-StoryBoard para MVVM e VIEWCODE-frameworks.sh\"\n";
			showEnvVarsInLog = 0;
		};
/* End PBXShellScriptBuildPhase section */

/* Begin PBXSourcesBuildPhase section */
		41CEF30829A261590040E161 /* Sources */ = {
			isa = PBXSourcesBuildPhase;
			buildActionMask = 2147483647;
			files = (
				91D6CA292B7BE3D100D09F78 /* CustomTableViewCellScreen.swift in Sources */,
				41CEF31429A261590040E161 /* ViewController.swift in Sources */,
				41CEF32929A29CAD0040E161 /* CustomTableViewCell.swift in Sources */,
				41CEF31029A261590040E161 /* AppDelegate.swift in Sources */,
				91D6CA262B7BD4C000D09F78 /* HomeScreenView.swift in Sources */,
				91541CEB2B794E280042489B /* CustomCellViewModel.swift in Sources */,
				41CEF32529A262D50040E161 /* User.swift in Sources */,
				91D6CA2C2B7BF8F100D09F78 /* Service.swift in Sources */,
				91541CE72B79499B0042489B /* ViewModel.swift in Sources */,
				41CEF31229A261590040E161 /* SceneDelegate.swift in Sources */,
			);
			runOnlyForDeploymentPostprocessing = 0;
		};
/* End PBXSourcesBuildPhase section */

/* Begin PBXVariantGroup section */
		41CEF31A29A2615A0040E161 /* LaunchScreen.storyboard */ = {
			isa = PBXVariantGroup;
			children = (
				41CEF31B29A2615A0040E161 /* Base */,
			);
			name = LaunchScreen.storyboard;
			sourceTree = "<group>";
		};
/* End PBXVariantGroup section */

/* Begin XCBuildConfiguration section */
		41CEF31E29A2615A0040E161 /* Debug */ = {
			isa = XCBuildConfiguration;
			buildSettings = {
				ALWAYS_SEARCH_USER_PATHS = NO;
				CLANG_ANALYZER_NONNULL = YES;
				CLANG_ANALYZER_NUMBER_OBJECT_CONVERSION = YES_AGGRESSIVE;
				CLANG_CXX_LANGUAGE_STANDARD = "gnu++20";
				CLANG_ENABLE_MODULES = YES;
				CLANG_ENABLE_OBJC_ARC = YES;
				CLANG_ENABLE_OBJC_WEAK = YES;
				CLANG_WARN_BLOCK_CAPTURE_AUTORELEASING = YES;
				CLANG_WARN_BOOL_CONVERSION = YES;
				CLANG_WARN_COMMA = YES;
				CLANG_WARN_CONSTANT_CONVERSION = YES;
				CLANG_WARN_DEPRECATED_OBJC_IMPLEMENTATIONS = YES;
				CLANG_WARN_DIRECT_OBJC_ISA_USAGE = YES_ERROR;
				CLANG_WARN_DOCUMENTATION_COMMENTS = YES;
				CLANG_WARN_EMPTY_BODY = YES;
				CLANG_WARN_ENUM_CONVERSION = YES;
				CLANG_WARN_INFINITE_RECURSION = YES;
				CLANG_WARN_INT_CONVERSION = YES;
				CLANG_WARN_NON_LITERAL_NULL_CONVERSION = YES;
				CLANG_WARN_OBJC_IMPLICIT_RETAIN_SELF = YES;
				CLANG_WARN_OBJC_LITERAL_CONVERSION = YES;
				CLANG_WARN_OBJC_ROOT_CLASS = YES_ERROR;
				CLANG_WARN_QUOTED_INCLUDE_IN_FRAMEWORK_HEADER = YES;
				CLANG_WARN_RANGE_LOOP_ANALYSIS = YES;
				CLANG_WARN_STRICT_PROTOTYPES = YES;
				CLANG_WARN_SUSPICIOUS_MOVE = YES;
				CLANG_WARN_UNGUARDED_AVAILABILITY = YES_AGGRESSIVE;
				CLANG_WARN_UNREACHABLE_CODE = YES;
				CLANG_WARN__DUPLICATE_METHOD_MATCH = YES;
				COPY_PHASE_STRIP = NO;
				DEBUG_INFORMATION_FORMAT = dwarf;
				ENABLE_STRICT_OBJC_MSGSEND = YES;
				ENABLE_TESTABILITY = YES;
				ENABLE_USER_SCRIPT_SANDBOXING = NO;
				GCC_C_LANGUAGE_STANDARD = gnu11;
				GCC_DYNAMIC_NO_PIC = NO;
				GCC_NO_COMMON_BLOCKS = YES;
				GCC_OPTIMIZATION_LEVEL = 0;
				GCC_PREPROCESSOR_DEFINITIONS = (
					"DEBUG=1",
					"$(inherited)",
				);
				GCC_WARN_64_TO_32_BIT_CONVERSION = YES;
				GCC_WARN_ABOUT_RETURN_TYPE = YES_ERROR;
				GCC_WARN_UNDECLARED_SELECTOR = YES;
				GCC_WARN_UNINITIALIZED_AUTOS = YES_AGGRESSIVE;
				GCC_WARN_UNUSED_FUNCTION = YES;
				GCC_WARN_UNUSED_VARIABLE = YES;
				IPHONEOS_DEPLOYMENT_TARGET = 16.2;
				MTL_ENABLE_DEBUG_INFO = INCLUDE_SOURCE;
				MTL_FAST_MATH = YES;
				ONLY_ACTIVE_ARCH = YES;
				SDKROOT = iphoneos;
				SWIFT_ACTIVE_COMPILATION_CONDITIONS = DEBUG;
				SWIFT_OPTIMIZATION_LEVEL = "-Onone";
			};
			name = Debug;
		};
		41CEF31F29A2615A0040E161 /* Release */ = {
			isa = XCBuildConfiguration;
			buildSettings = {
				ALWAYS_SEARCH_USER_PATHS = NO;
				CLANG_ANALYZER_NONNULL = YES;
				CLANG_ANALYZER_NUMBER_OBJECT_CONVERSION = YES_AGGRESSIVE;
				CLANG_CXX_LANGUAGE_STANDARD = "gnu++20";
				CLANG_ENABLE_MODULES = YES;
				CLANG_ENABLE_OBJC_ARC = YES;
				CLANG_ENABLE_OBJC_WEAK = YES;
				CLANG_WARN_BLOCK_CAPTURE_AUTORELEASING = YES;
				CLANG_WARN_BOOL_CONVERSION = YES;
				CLANG_WARN_COMMA = YES;
				CLANG_WARN_CONSTANT_CONVERSION = YES;
				CLANG_WARN_DEPRECATED_OBJC_IMPLEMENTATIONS = YES;
				CLANG_WARN_DIRECT_OBJC_ISA_USAGE = YES_ERROR;
				CLANG_WARN_DOCUMENTATION_COMMENTS = YES;
				CLANG_WARN_EMPTY_BODY = YES;
				CLANG_WARN_ENUM_CONVERSION = YES;
				CLANG_WARN_INFINITE_RECURSION = YES;
				CLANG_WARN_INT_CONVERSION = YES;
				CLANG_WARN_NON_LITERAL_NULL_CONVERSION = YES;
				CLANG_WARN_OBJC_IMPLICIT_RETAIN_SELF = YES;
				CLANG_WARN_OBJC_LITERAL_CONVERSION = YES;
				CLANG_WARN_OBJC_ROOT_CLASS = YES_ERROR;
				CLANG_WARN_QUOTED_INCLUDE_IN_FRAMEWORK_HEADER = YES;
				CLANG_WARN_RANGE_LOOP_ANALYSIS = YES;
				CLANG_WARN_STRICT_PROTOTYPES = YES;
				CLANG_WARN_SUSPICIOUS_MOVE = YES;
				CLANG_WARN_UNGUARDED_AVAILABILITY = YES_AGGRESSIVE;
				CLANG_WARN_UNREACHABLE_CODE = YES;
				CLANG_WARN__DUPLICATE_METHOD_MATCH = YES;
				COPY_PHASE_STRIP = NO;
				DEBUG_INFORMATION_FORMAT = "dwarf-with-dsym";
				ENABLE_NS_ASSERTIONS = NO;
				ENABLE_STRICT_OBJC_MSGSEND = YES;
				ENABLE_USER_SCRIPT_SANDBOXING = NO;
				GCC_C_LANGUAGE_STANDARD = gnu11;
				GCC_NO_COMMON_BLOCKS = YES;
				GCC_WARN_64_TO_32_BIT_CONVERSION = YES;
				GCC_WARN_ABOUT_RETURN_TYPE = YES_ERROR;
				GCC_WARN_UNDECLARED_SELECTOR = YES;
				GCC_WARN_UNINITIALIZED_AUTOS = YES_AGGRESSIVE;
				GCC_WARN_UNUSED_FUNCTION = YES;
				GCC_WARN_UNUSED_VARIABLE = YES;
				IPHONEOS_DEPLOYMENT_TARGET = 16.2;
				MTL_ENABLE_DEBUG_INFO = NO;
				MTL_FAST_MATH = YES;
				SDKROOT = iphoneos;
				SWIFT_COMPILATION_MODE = wholemodule;
				SWIFT_OPTIMIZATION_LEVEL = "-O";
				VALIDATE_PRODUCT = YES;
			};
			name = Release;
		};
		41CEF32129A2615A0040E161 /* Debug */ = {
			isa = XCBuildConfiguration;
			baseConfigurationReference = 26980FB58E8DB3DA6C9CE8B6 /* Pods-StoryBoard para MVVM e VIEWCODE.debug.xcconfig */;
			buildSettings = {
				ASSETCATALOG_COMPILER_APPICON_NAME = AppIcon;
				ASSETCATALOG_COMPILER_GLOBAL_ACCENT_COLOR_NAME = AccentColor;
				CODE_SIGN_STYLE = Automatic;
				CURRENT_PROJECT_VERSION = 1;
				DEVELOPMENT_TEAM = G22U8RL76N;
				ENABLE_USER_SCRIPT_SANDBOXING = NO;
				GENERATE_INFOPLIST_FILE = YES;
				INFOPLIST_FILE = "StoryBoard para MVVM e VIEWCODE/Info.plist";
				INFOPLIST_KEY_UIApplicationSupportsIndirectInputEvents = YES;
				INFOPLIST_KEY_UILaunchStoryboardName = LaunchScreen;
				INFOPLIST_KEY_UISupportedInterfaceOrientations_iPad = "UIInterfaceOrientationPortrait UIInterfaceOrientationPortraitUpsideDown UIInterfaceOrientationLandscapeLeft UIInterfaceOrientationLandscapeRight";
				INFOPLIST_KEY_UISupportedInterfaceOrientations_iPhone = "UIInterfaceOrientationPortrait UIInterfaceOrientationLandscapeLeft UIInterfaceOrientationLandscapeRight";
				LD_RUNPATH_SEARCH_PATHS = (
					"$(inherited)",
					"@executable_path/Frameworks",
				);
				MARKETING_VERSION = 1.0;
				PRODUCT_BUNDLE_IDENTIFIER = "com.jeferson.StoryBoard-para-MVVM-e-VIEWCODE";
				PRODUCT_NAME = "$(TARGET_NAME)";
				SWIFT_EMIT_LOC_STRINGS = YES;
				SWIFT_VERSION = 5.0;
				TARGETED_DEVICE_FAMILY = "1,2";
			};
			name = Debug;
		};
		41CEF32229A2615A0040E161 /* Release */ = {
			isa = XCBuildConfiguration;
			baseConfigurationReference = AE52DA16C020013DE75EA195 /* Pods-StoryBoard para MVVM e VIEWCODE.release.xcconfig */;
			buildSettings = {
				ASSETCATALOG_COMPILER_APPICON_NAME = AppIcon;
				ASSETCATALOG_COMPILER_GLOBAL_ACCENT_COLOR_NAME = AccentColor;
				CODE_SIGN_STYLE = Automatic;
				CURRENT_PROJECT_VERSION = 1;
				DEVELOPMENT_TEAM = G22U8RL76N;
				ENABLE_USER_SCRIPT_SANDBOXING = NO;
				GENERATE_INFOPLIST_FILE = YES;
				INFOPLIST_FILE = "StoryBoard para MVVM e VIEWCODE/Info.plist";
				INFOPLIST_KEY_UIApplicationSupportsIndirectInputEvents = YES;
				INFOPLIST_KEY_UILaunchStoryboardName = LaunchScreen;
				INFOPLIST_KEY_UISupportedInterfaceOrientations_iPad = "UIInterfaceOrientationPortrait UIInterfaceOrientationPortraitUpsideDown UIInterfaceOrientationLandscapeLeft UIInterfaceOrientationLandscapeRight";
				INFOPLIST_KEY_UISupportedInterfaceOrientations_iPhone = "UIInterfaceOrientationPortrait UIInterfaceOrientationLandscapeLeft UIInterfaceOrientationLandscapeRight";
				LD_RUNPATH_SEARCH_PATHS = (
					"$(inherited)",
					"@executable_path/Frameworks",
				);
				MARKETING_VERSION = 1.0;
				PRODUCT_BUNDLE_IDENTIFIER = "com.jeferson.StoryBoard-para-MVVM-e-VIEWCODE";
				PRODUCT_NAME = "$(TARGET_NAME)";
				SWIFT_EMIT_LOC_STRINGS = YES;
				SWIFT_VERSION = 5.0;
				TARGETED_DEVICE_FAMILY = "1,2";
			};
			name = Release;
		};
/* End XCBuildConfiguration section */

/* Begin XCConfigurationList section */
		41CEF30729A261590040E161 /* Build configuration list for PBXProject "StoryBoard para MVVM e VIEWCODE" */ = {
			isa = XCConfigurationList;
			buildConfigurations = (
				41CEF31E29A2615A0040E161 /* Debug */,
				41CEF31F29A2615A0040E161 /* Release */,
			);
			defaultConfigurationIsVisible = 0;
			defaultConfigurationName = Release;
		};
		41CEF32029A2615A0040E161 /* Build configuration list for PBXNativeTarget "StoryBoard para MVVM e VIEWCODE" */ = {
			isa = XCConfigurationList;
			buildConfigurations = (
				41CEF32129A2615A0040E161 /* Debug */,
				41CEF32229A2615A0040E161 /* Release */,
			);
			defaultConfigurationIsVisible = 0;
			defaultConfigurationName = Release;
		};
/* End XCConfigurationList section */
	};
	rootObject = 41CEF30429A261590040E161 /* Project object */;
}
